
Microsoft Visual Studio Solution File, Format Version 12.00
# Visual Studio 15
VisualStudioVersion = 15.0.27703.2042
MinimumVisualStudioVersion = 10.0.40219.1
Project("{FAE04EC0-301F-11D3-BF4B-00C04F79EFBC}") = "Scene3D2Gif", "Scene3D2Gif\Scene3D2Gif.csproj", "{C1570B1B-1F16-4012-AA6A-7A2CC0B8D04D}"
	ProjectSection(ProjectDependencies) = postProject
		{8A8DD386-C45C-47EB-9C29-21AA683864D3} = {8A8DD386-C45C-47EB-9C29-21AA683864D3}
	EndProjectSection
EndProject
Project("{FAE04EC0-301F-11D3-BF4B-00C04F79EFBC}") = "Scene3DLib", "Scene3DLib\Scene3DLib.csproj", "{5F9394BC-F04C-401D-9961-7938678E2F06}"
	ProjectSection(ProjectDependencies) = postProject
		{8A8DD386-C45C-47EB-9C29-21AA683864D3} = {8A8DD386-C45C-47EB-9C29-21AA683864D3}
	EndProjectSection
EndProject
Project("{FAE04EC0-301F-11D3-BF4B-00C04F79EFBC}") = "Scene3DViewModelLib", "Scene3DViewModelLib\Scene3DViewModelLib.csproj", "{8A55781C-08DA-4797-84C8-E54BBD64DFF9}"
EndProject
Project("{FAE04EC0-301F-11D3-BF4B-00C04F79EFBC}") = "Scene3DRes", "Scene3DRes\Scene3DRes.csproj", "{8A8DD386-C45C-47EB-9C29-21AA683864D3}"
EndProject
Global
	GlobalSection(SolutionConfigurationPlatforms) = preSolution
		Debug|Any CPU = Debug|Any CPU
		Release|Any CPU = Release|Any CPU
	EndGlobalSection
	GlobalSection(ProjectConfigurationPlatforms) = postSolution
		{C1570B1B-1F16-4012-AA6A-7A2CC0B8D04D}.Debug|Any CPU.ActiveCfg = Debug|Any CPU
		{C1570B1B-1F16-4012-AA6A-7A2CC0B8D04D}.Debug|Any CPU.Build.0 = Debug|Any CPU
		{C1570B1B-1F16-4012-AA6A-7A2CC0B8D04D}.Release|Any CPU.ActiveCfg = Release|Any CPU
		{C1570B1B-1F16-4012-AA6A-7A2CC0B8D04D}.Release|Any CPU.Build.0 = Release|Any CPU
		{5F9394BC-F04C-401D-9961-7938678E2F06}.Debug|Any CPU.ActiveCfg = Debug|Any CPU
		{5F9394BC-F04C-401D-9961-7938678E2F06}.Debug|Any CPU.Build.0 = Debug|Any CPU
		{5F9394BC-F04C-401D-9961-7938678E2F06}.Release|Any CPU.ActiveCfg = Release|Any CPU
		{5F9394BC-F04C-401D-9961-7938678E2F06}.Release|Any CPU.Build.0 = Release|Any CPU
		{8A55781C-08DA-4797-84C8-E54BBD64DFF9}.Debug|Any CPU.ActiveCfg = Debug|Any CPU
		{8A55781C-08DA-4797-84C8-E54BBD64DFF9}.Debug|Any CPU.Build.0 = Debug|Any CPU
		{8A55781C-08DA-4797-84C8-E54BBD64DFF9}.Release|Any CPU.ActiveCfg = Release|Any CPU
		{8A55781C-08DA-4797-84C8-E54BBD64DFF9}.Release|Any CPU.Build.0 = Release|Any CPU
		{8A8DD386-C45C-47EB-9C29-21AA683864D3}.Debug|Any CPU.ActiveCfg = Debug|Any CPU
		{8A8DD386-C45C-47EB-9C29-21AA683864D3}.Debug|Any CPU.Build.0 = Debug|Any CPU
		{8A8DD386-C45C-47EB-9C29-21AA683864D3}.Release|Any CPU.ActiveCfg = Release|Any CPU
		{8A8DD386-C45C-47EB-9C29-21AA683864D3}.Release|Any CPU.Build.0 = Release|Any CPU
	EndGlobalSection
	GlobalSection(SolutionProperties) = preSolution
		HideSolutionNode = FALSE
	EndGlobalSection
	GlobalSection(ExtensibilityGlobals) = postSolution
		SolutionGuid = {0B2F880D-6854-4B6D-819C-C315B0550610}
	EndGlobalSection
EndGlobal
